lockfileVersion: 5.4

specifiers:
  eslint-config-prettier: ^8.5.0
  eslint-plugin-prettier: ^4.0.0

dependencies:
  eslint-config-prettier: 8.5.0
  eslint-plugin-prettier: 4.2.1_ttcikbw5yztdadzhevg6ml5cuy

packages:

  /eslint-config-prettier/8.5.0:
    resolution: {integrity: sha512-obmWKLUNCnhtQRKc+tmnYuQl0pFU1ibYJQ5BGhTVB08bHe9wC8qUeG7c08dj9XX+AuPj1YSGSQIHl1pnDHZR0Q==}
    hasBin: true
    peerDependencies:
      eslint: '>=7.0.0'
    dev: false

  /eslint-plugin-prettier/4.2.1_ttcikbw5yztdadzhevg6ml5cuy:
    resolution: {integrity: sha512-f/0rXLXUt0oFYs8ra4w49wYZBG5GKZpAYsJSm6rnYL5uVDjd+zowwMwVZHnAjf4edNrKpCDYfXDgmRE/Ak7QyQ==}
    engines: {node: '>=12.0.0'}
    peerDependencies:
      eslint: '>=7.28.0'
      eslint-config-prettier: '*'
      prettier: '>=2.0.0'
    peerDependenciesMeta:
      eslint-config-prettier:
        optional: true
    dependencies:
      eslint-config-prettier: 8.5.0
      prettier-linter-helpers: 1.0.0
    dev: false

  /fast-diff/1.2.0:
    resolution: {integrity: sha512-xJuoT5+L99XlZ8twedaRf6Ax2TgQVxvgZOYoPKqZufmJib0tL2tegPBOZb1pVNgIhlqDlA0eO0c3wBvQcmzx4w==}
    dev: false

  /prettier-linter-helpers/1.0.0:
    resolution: {integrity: sha512-GbK2cP9nraSSUF9N2XwUwqfzlAFlMNYYl+ShE/V+H8a9uNl/oUqB1w2EL54Jh0OlyRSd8RfWYJ3coVS4TROP2w==}
    engines: {node: '>=6.0.0'}
    dependencies:
      fast-diff: 1.2.0
    dev: false
